
Microsoft Visual Studio Solution File, Format Version 12.00
# Visual Studio Version 17
VisualStudioVersion = 17.9.34728.123
MinimumVisualStudioVersion = 10.0.40219.1
Project("{FAE04EC0-301F-11D3-BF4B-00C04F79EFBC}") = "EShop", "EShop\EShop.csproj", "{873E94AE-F485-41D5-B361-A44E74E55B91}"
EndProject
Project("{9A19103F-16F7-4668-BE54-9A1E7A4F7556}") = "PaymentsService", "PaymentsService\PaymentsService.csproj", "{95C5D4F3-4F23-48D1-BF2E-F1DF2FDF9C68}"
EndProject
Project("{FAE04EC0-301F-11D3-BF4B-00C04F79EFBC}") = "OrdersService", "OrdersService\OrdersService.csproj", "{B5EE661C-9DC2-40B5-8CCA-F2DEE98CB3DC}"
EndProject
Global
	GlobalSection(SolutionConfigurationPlatforms) = preSolution
		Debug|Any CPU = Debug|Any CPU
		Release|Any CPU = Release|Any CPU
	EndGlobalSection
	GlobalSection(ProjectConfigurationPlatforms) = postSolution
		{873E94AE-F485-41D5-B361-A44E74E55B91}.Debug|Any CPU.ActiveCfg = Debug|Any CPU
		{873E94AE-F485-41D5-B361-A44E74E55B91}.Debug|Any CPU.Build.0 = Debug|Any CPU
		{873E94AE-F485-41D5-B361-A44E74E55B91}.Release|Any CPU.ActiveCfg = Release|Any CPU
		{873E94AE-F485-41D5-B361-A44E74E55B91}.Release|Any CPU.Build.0 = Release|Any CPU
		{95C5D4F3-4F23-48D1-BF2E-F1DF2FDF9C68}.Debug|Any CPU.ActiveCfg = Debug|Any CPU
		{95C5D4F3-4F23-48D1-BF2E-F1DF2FDF9C68}.Debug|Any CPU.Build.0 = Debug|Any CPU
		{95C5D4F3-4F23-48D1-BF2E-F1DF2FDF9C68}.Release|Any CPU.ActiveCfg = Release|Any CPU
		{95C5D4F3-4F23-48D1-BF2E-F1DF2FDF9C68}.Release|Any CPU.Build.0 = Release|Any CPU
		{B5EE661C-9DC2-40B5-8CCA-F2DEE98CB3DC}.Debug|Any CPU.ActiveCfg = Debug|Any CPU
		{B5EE661C-9DC2-40B5-8CCA-F2DEE98CB3DC}.Debug|Any CPU.Build.0 = Debug|Any CPU
		{B5EE661C-9DC2-40B5-8CCA-F2DEE98CB3DC}.Release|Any CPU.ActiveCfg = Release|Any CPU
		{B5EE661C-9DC2-40B5-8CCA-F2DEE98CB3DC}.Release|Any CPU.Build.0 = Release|Any CPU
	EndGlobalSection
	GlobalSection(SolutionProperties) = preSolution
		HideSolutionNode = FALSE
	EndGlobalSection
	GlobalSection(ExtensibilityGlobals) = postSolution
		SolutionGuid = {53FB5301-B2C9-4BA2-AC78-BE686290DFF0}
	EndGlobalSection
EndGlobal
